// !$*UTF8*$!
{
	archiveVersion = 1;
	classes = {
	};
	objectVersion = 56;
	objects = {

/* Begin PBXBuildFile section */
		841C6ECF29A6268D008B1FE5 /* NotebookTableCell.swift in Sources */ = {isa = PBXBuildFile; fileRef = 841C6ECE29A6268D008B1FE5 /* NotebookTableCell.swift */; };
		8437F0F829A4F0F500D027B7 /* WindowController.swift in Sources */ = {isa = PBXBuildFile; fileRef = 8437F0F729A4F0F500D027B7 /* WindowController.swift */; };
		8437F0FA29A4F86700D027B7 /* Message.swift in Sources */ = {isa = PBXBuildFile; fileRef = 8437F0F929A4F86700D027B7 /* Message.swift */; };
		8437F0FC29A4F88300D027B7 /* Session.swift in Sources */ = {isa = PBXBuildFile; fileRef = 8437F0FB29A4F88300D027B7 /* Session.swift */; };
		8456BD40299D0264001E3EDA /* AppDelegate.swift in Sources */ = {isa = PBXBuildFile; fileRef = 8456BD3F299D0264001E3EDA /* AppDelegate.swift */; };
		8456BD44299D0268001E3EDA /* Assets.xcassets in Resources */ = {isa = PBXBuildFile; fileRef = 8456BD43299D0268001E3EDA /* Assets.xcassets */; };
		8456BD47299D0268001E3EDA /* Main.storyboard in Resources */ = {isa = PBXBuildFile; fileRef = 8456BD45299D0268001E3EDA /* Main.storyboard */; };
		8456BD4F299D05A5001E3EDA /* SidebarViewController.swift in Sources */ = {isa = PBXBuildFile; fileRef = 8456BD4E299D05A5001E3EDA /* SidebarViewController.swift */; };
		8456BD51299D0F5E001E3EDA /* NotebookViewController.swift in Sources */ = {isa = PBXBuildFile; fileRef = 8456BD50299D0F5E001E3EDA /* NotebookViewController.swift */; };
		84C838DF299D6DF000BA3F8F /* JupyterService.swift in Sources */ = {isa = PBXBuildFile; fileRef = 84C838DB299D6DF000BA3F8F /* JupyterService.swift */; };
		84C838E0299D6DF000BA3F8F /* Cell.swift in Sources */ = {isa = PBXBuildFile; fileRef = 84C838DC299D6DF000BA3F8F /* Cell.swift */; };
		84C838E1299D6DF000BA3F8F /* Notebook.swift in Sources */ = {isa = PBXBuildFile; fileRef = 84C838DD299D6DF000BA3F8F /* Notebook.swift */; };
		84C838E2299D6DF000BA3F8F /* Content.swift in Sources */ = {isa = PBXBuildFile; fileRef = 84C838DE299D6DF000BA3F8F /* Content.swift */; };
		84C838E6299D6E2900BA3F8F /* AnyCodable in Frameworks */ = {isa = PBXBuildFile; productRef = 84C838E5299D6E2900BA3F8F /* AnyCodable */; };
		84C838EA299D6E4600BA3F8F /* StringOrArray.swift in Sources */ = {isa = PBXBuildFile; fileRef = 84C838E8299D6E4600BA3F8F /* StringOrArray.swift */; };
		84C838EB299D6E4600BA3F8F /* Base64Image.swift in Sources */ = {isa = PBXBuildFile; fileRef = 84C838E9299D6E4600BA3F8F /* Base64Image.swift */; };
		84CE598129A762990094FE3E /* SourceCodeRegexLexer.swift in Sources */ = {isa = PBXBuildFile; fileRef = 84CE596029A762990094FE3E /* SourceCodeRegexLexer.swift */; };
		84CE598229A762990094FE3E /* String+Range.swift in Sources */ = {isa = PBXBuildFile; fileRef = 84CE596229A762990094FE3E /* String+Range.swift */; };
		84CE598529A762990094FE3E /* NSMutableAttributedString+Tokens.swift in Sources */ = {isa = PBXBuildFile; fileRef = 84CE596529A762990094FE3E /* NSMutableAttributedString+Tokens.swift */; };
		84CE598629A762990094FE3E /* Python3Lexer.swift in Sources */ = {isa = PBXBuildFile; fileRef = 84CE596729A762990094FE3E /* Python3Lexer.swift */; };
		84CE598C29A762990094FE3E /* Lexer.swift in Sources */ = {isa = PBXBuildFile; fileRef = 84CE596E29A762990094FE3E /* Lexer.swift */; };
		84CE598E29A762990094FE3E /* SyntaxColorTheme.swift in Sources */ = {isa = PBXBuildFile; fileRef = 84CE597029A762990094FE3E /* SyntaxColorTheme.swift */; };
		84CE598F29A762990094FE3E /* Token.swift in Sources */ = {isa = PBXBuildFile; fileRef = 84CE597129A762990094FE3E /* Token.swift */; };
		84CE599029A762990094FE3E /* RegexLexer.swift in Sources */ = {isa = PBXBuildFile; fileRef = 84CE597229A762990094FE3E /* RegexLexer.swift */; };
		84CE599129A762990094FE3E /* SyntaxTextView.swift in Sources */ = {isa = PBXBuildFile; fileRef = 84CE597429A762990094FE3E /* SyntaxTextView.swift */; };
		84CE599229A762990094FE3E /* SyntaxTextView+TextViewDelegate.swift in Sources */ = {isa = PBXBuildFile; fileRef = 84CE597529A762990094FE3E /* SyntaxTextView+TextViewDelegate.swift */; };
		84CE599329A762990094FE3E /* InnerTextView.swift in Sources */ = {isa = PBXBuildFile; fileRef = 84CE597629A762990094FE3E /* InnerTextView.swift */; };
		84CE599629A762990094FE3E /* SyntaxTextViewLayoutManager.swift in Sources */ = {isa = PBXBuildFile; fileRef = 84CE597929A762990094FE3E /* SyntaxTextViewLayoutManager.swift */; };
		84CE599829A762990094FE3E /* SourceCodeTheme.swift in Sources */ = {isa = PBXBuildFile; fileRef = 84CE597B29A762990094FE3E /* SourceCodeTheme.swift */; };
		84CE599929A762990094FE3E /* SourceCodeToken.swift in Sources */ = {isa = PBXBuildFile; fileRef = 84CE597C29A762990094FE3E /* SourceCodeToken.swift */; };
/* End PBXBuildFile section */

/* Begin PBXFileReference section */
		841C6ECE29A6268D008B1FE5 /* NotebookTableCell.swift */ = {isa = PBXFileReference; lastKnownFileType = sourcecode.swift; path = NotebookTableCell.swift; sourceTree = "<group>"; };
		8437F0F729A4F0F500D027B7 /* WindowController.swift */ = {isa = PBXFileReference; fileEncoding = 4; lastKnownFileType = sourcecode.swift; path = WindowController.swift; sourceTree = "<group>"; };
		8437F0F929A4F86700D027B7 /* Message.swift */ = {isa = PBXFileReference; lastKnownFileType = sourcecode.swift; path = Message.swift; sourceTree = "<group>"; };
		8437F0FB29A4F88300D027B7 /* Session.swift */ = {isa = PBXFileReference; lastKnownFileType = sourcecode.swift; path = Session.swift; sourceTree = "<group>"; };
		8456BD3C299D0264001E3EDA /* Jim.app */ = {isa = PBXFileReference; explicitFileType = wrapper.application; includeInIndex = 0; path = Jim.app; sourceTree = BUILT_PRODUCTS_DIR; };
		8456BD3F299D0264001E3EDA /* AppDelegate.swift */ = {isa = PBXFileReference; lastKnownFileType = sourcecode.swift; path = AppDelegate.swift; sourceTree = "<group>"; };
		8456BD43299D0268001E3EDA /* Assets.xcassets */ = {isa = PBXFileReference; lastKnownFileType = folder.assetcatalog; path = Assets.xcassets; sourceTree = "<group>"; };
		8456BD46299D0268001E3EDA /* Base */ = {isa = PBXFileReference; lastKnownFileType = file.storyboard; name = Base; path = Base.lproj/Main.storyboard; sourceTree = "<group>"; };
		8456BD48299D0268001E3EDA /* Jim.entitlements */ = {isa = PBXFileReference; lastKnownFileType = text.plist.entitlements; path = Jim.entitlements; sourceTree = "<group>"; };
		8456BD4E299D05A5001E3EDA /* SidebarViewController.swift */ = {isa = PBXFileReference; lastKnownFileType = sourcecode.swift; path = SidebarViewController.swift; sourceTree = "<group>"; };
		8456BD50299D0F5E001E3EDA /* NotebookViewController.swift */ = {isa = PBXFileReference; lastKnownFileType = sourcecode.swift; path = NotebookViewController.swift; sourceTree = "<group>"; };
		84C838DB299D6DF000BA3F8F /* JupyterService.swift */ = {isa = PBXFileReference; fileEncoding = 4; lastKnownFileType = sourcecode.swift; path = JupyterService.swift; sourceTree = "<group>"; };
		84C838DC299D6DF000BA3F8F /* Cell.swift */ = {isa = PBXFileReference; fileEncoding = 4; lastKnownFileType = sourcecode.swift; path = Cell.swift; sourceTree = "<group>"; };
		84C838DD299D6DF000BA3F8F /* Notebook.swift */ = {isa = PBXFileReference; fileEncoding = 4; lastKnownFileType = sourcecode.swift; path = Notebook.swift; sourceTree = "<group>"; };
		84C838DE299D6DF000BA3F8F /* Content.swift */ = {isa = PBXFileReference; fileEncoding = 4; lastKnownFileType = sourcecode.swift; path = Content.swift; sourceTree = "<group>"; };
		84C838E8299D6E4600BA3F8F /* StringOrArray.swift */ = {isa = PBXFileReference; fileEncoding = 4; lastKnownFileType = sourcecode.swift; path = StringOrArray.swift; sourceTree = "<group>"; };
		84C838E9299D6E4600BA3F8F /* Base64Image.swift */ = {isa = PBXFileReference; fileEncoding = 4; lastKnownFileType = sourcecode.swift; path = Base64Image.swift; sourceTree = "<group>"; };
		84CE596029A762990094FE3E /* SourceCodeRegexLexer.swift */ = {isa = PBXFileReference; fileEncoding = 4; lastKnownFileType = sourcecode.swift; path = SourceCodeRegexLexer.swift; sourceTree = "<group>"; };
		84CE596229A762990094FE3E /* String+Range.swift */ = {isa = PBXFileReference; fileEncoding = 4; lastKnownFileType = sourcecode.swift; path = "String+Range.swift"; sourceTree = "<group>"; };
		84CE596529A762990094FE3E /* NSMutableAttributedString+Tokens.swift */ = {isa = PBXFileReference; fileEncoding = 4; lastKnownFileType = sourcecode.swift; path = "NSMutableAttributedString+Tokens.swift"; sourceTree = "<group>"; };
		84CE596729A762990094FE3E /* Python3Lexer.swift */ = {isa = PBXFileReference; fileEncoding = 4; lastKnownFileType = sourcecode.swift; path = Python3Lexer.swift; sourceTree = "<group>"; };
		84CE596E29A762990094FE3E /* Lexer.swift */ = {isa = PBXFileReference; fileEncoding = 4; lastKnownFileType = sourcecode.swift; path = Lexer.swift; sourceTree = "<group>"; };
		84CE597029A762990094FE3E /* SyntaxColorTheme.swift */ = {isa = PBXFileReference; fileEncoding = 4; lastKnownFileType = sourcecode.swift; path = SyntaxColorTheme.swift; sourceTree = "<group>"; };
		84CE597129A762990094FE3E /* Token.swift */ = {isa = PBXFileReference; fileEncoding = 4; lastKnownFileType = sourcecode.swift; path = Token.swift; sourceTree = "<group>"; };
		84CE597229A762990094FE3E /* RegexLexer.swift */ = {isa = PBXFileReference; fileEncoding = 4; lastKnownFileType = sourcecode.swift; path = RegexLexer.swift; sourceTree = "<group>"; };
		84CE597429A762990094FE3E /* SyntaxTextView.swift */ = {isa = PBXFileReference; fileEncoding = 4; lastKnownFileType = sourcecode.swift; path = SyntaxTextView.swift; sourceTree = "<group>"; };
		84CE597529A762990094FE3E /* SyntaxTextView+TextViewDelegate.swift */ = {isa = PBXFileReference; fileEncoding = 4; lastKnownFileType = sourcecode.swift; path = "SyntaxTextView+TextViewDelegate.swift"; sourceTree = "<group>"; };
		84CE597629A762990094FE3E /* InnerTextView.swift */ = {isa = PBXFileReference; fileEncoding = 4; lastKnownFileType = sourcecode.swift; path = InnerTextView.swift; sourceTree = "<group>"; };
		84CE597929A762990094FE3E /* SyntaxTextViewLayoutManager.swift */ = {isa = PBXFileReference; fileEncoding = 4; lastKnownFileType = sourcecode.swift; path = SyntaxTextViewLayoutManager.swift; sourceTree = "<group>"; };
		84CE597B29A762990094FE3E /* SourceCodeTheme.swift */ = {isa = PBXFileReference; fileEncoding = 4; lastKnownFileType = sourcecode.swift; path = SourceCodeTheme.swift; sourceTree = "<group>"; };
		84CE597C29A762990094FE3E /* SourceCodeToken.swift */ = {isa = PBXFileReference; fileEncoding = 4; lastKnownFileType = sourcecode.swift; path = SourceCodeToken.swift; sourceTree = "<group>"; };
/* End PBXFileReference section */

/* Begin PBXFrameworksBuildPhase section */
		8456BD39299D0264001E3EDA /* Frameworks */ = {
			isa = PBXFrameworksBuildPhase;
			buildActionMask = 2147483647;
			files = (
				84C838E6299D6E2900BA3F8F /* AnyCodable in Frameworks */,
			);
			runOnlyForDeploymentPostprocessing = 0;
		};
/* End PBXFrameworksBuildPhase section */

/* Begin PBXGroup section */
		8456BD33299D0264001E3EDA = {
			isa = PBXGroup;
			children = (
				8456BD3E299D0264001E3EDA /* Jim */,
				8456BD3D299D0264001E3EDA /* Products */,
			);
			sourceTree = "<group>";
		};
		8456BD3D299D0264001E3EDA /* Products */ = {
			isa = PBXGroup;
			children = (
				8456BD3C299D0264001E3EDA /* Jim.app */,
			);
			name = Products;
			sourceTree = "<group>";
		};
		8456BD3E299D0264001E3EDA /* Jim */ = {
			isa = PBXGroup;
			children = (
				84CE595F29A762990094FE3E /* Sourceful */,
				84C838DA299D6DF000BA3F8F /* Jupyter */,
				84C838E7299D6E4600BA3F8F /* Utils */,
				8456BD3F299D0264001E3EDA /* AppDelegate.swift */,
				8437F0F729A4F0F500D027B7 /* WindowController.swift */,
				8456BD4E299D05A5001E3EDA /* SidebarViewController.swift */,
				8456BD50299D0F5E001E3EDA /* NotebookViewController.swift */,
				8456BD45299D0268001E3EDA /* Main.storyboard */,
				841C6ECE29A6268D008B1FE5 /* NotebookTableCell.swift */,
				8456BD43299D0268001E3EDA /* Assets.xcassets */,
				8456BD48299D0268001E3EDA /* Jim.entitlements */,
			);
			path = Jim;
			sourceTree = "<group>";
		};
		84C838DA299D6DF000BA3F8F /* Jupyter */ = {
			isa = PBXGroup;
			children = (
				84C838DB299D6DF000BA3F8F /* JupyterService.swift */,
				84C838DE299D6DF000BA3F8F /* Content.swift */,
				84C838DD299D6DF000BA3F8F /* Notebook.swift */,
				84C838DC299D6DF000BA3F8F /* Cell.swift */,
				8437F0FB29A4F88300D027B7 /* Session.swift */,
				8437F0F929A4F86700D027B7 /* Message.swift */,
			);
			name = Jupyter;
			path = ../../nbed/Sources/Jupyter;
			sourceTree = "<group>";
		};
		84C838E7299D6E4600BA3F8F /* Utils */ = {
			isa = PBXGroup;
			children = (
				84C838E8299D6E4600BA3F8F /* StringOrArray.swift */,
				84C838E9299D6E4600BA3F8F /* Base64Image.swift */,
			);
			path = Utils;
			sourceTree = "<group>";
		};
		84CE595F29A762990094FE3E /* Sourceful */ = {
			isa = PBXGroup;
			children = (
				84CE596029A762990094FE3E /* SourceCodeRegexLexer.swift */,
				84CE596129A762990094FE3E /* Util */,
				84CE596629A762990094FE3E /* Languages */,
				84CE596D29A762990094FE3E /* Model */,
				84CE597329A762990094FE3E /* View */,
				84CE597B29A762990094FE3E /* SourceCodeTheme.swift */,
				84CE597C29A762990094FE3E /* SourceCodeToken.swift */,
			);
			path = Sourceful;
			sourceTree = "<group>";
		};
		84CE596129A762990094FE3E /* Util */ = {
			isa = PBXGroup;
			children = (
				84CE596229A762990094FE3E /* String+Range.swift */,
				84CE596529A762990094FE3E /* NSMutableAttributedString+Tokens.swift */,
			);
			path = Util;
			sourceTree = "<group>";
		};
		84CE596629A762990094FE3E /* Languages */ = {
			isa = PBXGroup;
			children = (
				84CE596729A762990094FE3E /* Python3Lexer.swift */,
			);
			path = Languages;
			sourceTree = "<group>";
		};
		84CE596D29A762990094FE3E /* Model */ = {
			isa = PBXGroup;
			children = (
				84CE596E29A762990094FE3E /* Lexer.swift */,
				84CE597029A762990094FE3E /* SyntaxColorTheme.swift */,
				84CE597129A762990094FE3E /* Token.swift */,
				84CE597229A762990094FE3E /* RegexLexer.swift */,
			);
			path = Model;
			sourceTree = "<group>";
		};
		84CE597329A762990094FE3E /* View */ = {
			isa = PBXGroup;
			children = (
				84CE597429A762990094FE3E /* SyntaxTextView.swift */,
				84CE597529A762990094FE3E /* SyntaxTextView+TextViewDelegate.swift */,
				84CE597629A762990094FE3E /* InnerTextView.swift */,
				84CE597929A762990094FE3E /* SyntaxTextViewLayoutManager.swift */,
			);
			path = View;
			sourceTree = "<group>";
		};
/* End PBXGroup section */

/* Begin PBXNativeTarget section */
		8456BD3B299D0264001E3EDA /* Jim */ = {
			isa = PBXNativeTarget;
			buildConfigurationList = 8456BD4B299D0268001E3EDA /* Build configuration list for PBXNativeTarget "Jim" */;
			buildPhases = (
				8456BD38299D0264001E3EDA /* Sources */,
				8456BD39299D0264001E3EDA /* Frameworks */,
				8456BD3A299D0264001E3EDA /* Resources */,
			);
			buildRules = (
			);
			dependencies = (
			);
			name = Jim;
			packageProductDependencies = (
				84C838E5299D6E2900BA3F8F /* AnyCodable */,
			);
			productName = Jim;
			productReference = 8456BD3C299D0264001E3EDA /* Jim.app */;
			productType = "com.apple.product-type.application";
		};
/* End PBXNativeTarget section */

/* Begin PBXProject section */
		8456BD34299D0264001E3EDA /* Project object */ = {
			isa = PBXProject;
			attributes = {
				BuildIndependentTargetsInParallel = 1;
				LastSwiftUpdateCheck = 1420;
				LastUpgradeCheck = 1420;
				TargetAttributes = {
					8456BD3B299D0264001E3EDA = {
						CreatedOnToolsVersion = 14.2;
					};
				};
			};
			buildConfigurationList = 8456BD37299D0264001E3EDA /* Build configuration list for PBXProject "Jim" */;
			compatibilityVersion = "Xcode 14.0";
			developmentRegion = en;
			hasScannedForEncodings = 0;
			knownRegions = (
				en,
				Base,
			);
			mainGroup = 8456BD33299D0264001E3EDA;
			packageReferences = (
				84C838E4299D6E2800BA3F8F /* XCRemoteSwiftPackageReference "AnyCodable" */,
			);
			productRefGroup = 8456BD3D299D0264001E3EDA /* Products */;
			projectDirPath = "";
			projectRoot = "";
			targets = (
				8456BD3B299D0264001E3EDA /* Jim */,
			);
		};
/* End PBXProject section */

/* Begin PBXResourcesBuildPhase section */
		8456BD3A299D0264001E3EDA /* Resources */ = {
			isa = PBXResourcesBuildPhase;
			buildActionMask = 2147483647;
			files = (
				8456BD44299D0268001E3EDA /* Assets.xcassets in Resources */,
				8456BD47299D0268001E3EDA /* Main.storyboard in Resources */,
			);
			runOnlyForDeploymentPostprocessing = 0;
		};
/* End PBXResourcesBuildPhase section */

/* Begin PBXSourcesBuildPhase section */
		8456BD38299D0264001E3EDA /* Sources */ = {
			isa = PBXSourcesBuildPhase;
			buildActionMask = 2147483647;
			files = (
				84CE599929A762990094FE3E /* SourceCodeToken.swift in Sources */,
				841C6ECF29A6268D008B1FE5 /* NotebookTableCell.swift in Sources */,
				8456BD4F299D05A5001E3EDA /* SidebarViewController.swift in Sources */,
				84CE598E29A762990094FE3E /* SyntaxColorTheme.swift in Sources */,
				84CE599829A762990094FE3E /* SourceCodeTheme.swift in Sources */,
				84CE598529A762990094FE3E /* NSMutableAttributedString+Tokens.swift in Sources */,
				84C838DF299D6DF000BA3F8F /* JupyterService.swift in Sources */,
				84C838E2299D6DF000BA3F8F /* Content.swift in Sources */,
				84CE598629A762990094FE3E /* Python3Lexer.swift in Sources */,
				84CE599329A762990094FE3E /* InnerTextView.swift in Sources */,
				84CE598229A762990094FE3E /* String+Range.swift in Sources */,
				8456BD40299D0264001E3EDA /* AppDelegate.swift in Sources */,
				84CE599229A762990094FE3E /* SyntaxTextView+TextViewDelegate.swift in Sources */,
				84C838EA299D6E4600BA3F8F /* StringOrArray.swift in Sources */,
				8456BD51299D0F5E001E3EDA /* NotebookViewController.swift in Sources */,
				84CE598F29A762990094FE3E /* Token.swift in Sources */,
				84CE599629A762990094FE3E /* SyntaxTextViewLayoutManager.swift in Sources */,
				8437F0FA29A4F86700D027B7 /* Message.swift in Sources */,
				8437F0F829A4F0F500D027B7 /* WindowController.swift in Sources */,
				8437F0FC29A4F88300D027B7 /* Session.swift in Sources */,
				84CE598C29A762990094FE3E /* Lexer.swift in Sources */,
				84CE598129A762990094FE3E /* SourceCodeRegexLexer.swift in Sources */,
				84C838E0299D6DF000BA3F8F /* Cell.swift in Sources */,
				84C838EB299D6E4600BA3F8F /* Base64Image.swift in Sources */,
				84C838E1299D6DF000BA3F8F /* Notebook.swift in Sources */,
				84CE599029A762990094FE3E /* RegexLexer.swift in Sources */,
				84CE599129A762990094FE3E /* SyntaxTextView.swift in Sources */,
			);
			runOnlyForDeploymentPostprocessing = 0;
		};
/* End PBXSourcesBuildPhase section */

/* Begin PBXVariantGroup section */
		8456BD45299D0268001E3EDA /* Main.storyboard */ = {
			isa = PBXVariantGroup;
			children = (
				8456BD46299D0268001E3EDA /* Base */,
			);
			name = Main.storyboard;
			sourceTree = "<group>";
		};
/* End PBXVariantGroup section */

/* Begin XCBuildConfiguration section */
		8456BD49299D0268001E3EDA /* Debug */ = {
			isa = XCBuildConfiguration;
			buildSettings = {
				ALWAYS_SEARCH_USER_PATHS = NO;
				CLANG_ANALYZER_NONNULL = YES;
				CLANG_ANALYZER_NUMBER_OBJECT_CONVERSION = YES_AGGRESSIVE;
				CLANG_CXX_LANGUAGE_STANDARD = "gnu++20";
				CLANG_ENABLE_MODULES = YES;
				CLANG_ENABLE_OBJC_ARC = YES;
				CLANG_ENABLE_OBJC_WEAK = YES;
				CLANG_WARN_BLOCK_CAPTURE_AUTORELEASING = YES;
				CLANG_WARN_BOOL_CONVERSION = YES;
				CLANG_WARN_COMMA = YES;
				CLANG_WARN_CONSTANT_CONVERSION = YES;
				CLANG_WARN_DEPRECATED_OBJC_IMPLEMENTATIONS = YES;
				CLANG_WARN_DIRECT_OBJC_ISA_USAGE = YES_ERROR;
				CLANG_WARN_DOCUMENTATION_COMMENTS = YES;
				CLANG_WARN_EMPTY_BODY = YES;
				CLANG_WARN_ENUM_CONVERSION = YES;
				CLANG_WARN_INFINITE_RECURSION = YES;
				CLANG_WARN_INT_CONVERSION = YES;
				CLANG_WARN_NON_LITERAL_NULL_CONVERSION = YES;
				CLANG_WARN_OBJC_IMPLICIT_RETAIN_SELF = YES;
				CLANG_WARN_OBJC_LITERAL_CONVERSION = YES;
				CLANG_WARN_OBJC_ROOT_CLASS = YES_ERROR;
				CLANG_WARN_QUOTED_INCLUDE_IN_FRAMEWORK_HEADER = YES;
				CLANG_WARN_RANGE_LOOP_ANALYSIS = YES;
				CLANG_WARN_STRICT_PROTOTYPES = YES;
				CLANG_WARN_SUSPICIOUS_MOVE = YES;
				CLANG_WARN_UNGUARDED_AVAILABILITY = YES_AGGRESSIVE;
				CLANG_WARN_UNREACHABLE_CODE = YES;
				CLANG_WARN__DUPLICATE_METHOD_MATCH = YES;
				COPY_PHASE_STRIP = NO;
				DEBUG_INFORMATION_FORMAT = dwarf;
				ENABLE_STRICT_OBJC_MSGSEND = YES;
				ENABLE_TESTABILITY = YES;
				GCC_C_LANGUAGE_STANDARD = gnu11;
				GCC_DYNAMIC_NO_PIC = NO;
				GCC_NO_COMMON_BLOCKS = YES;
				GCC_OPTIMIZATION_LEVEL = 0;
				GCC_PREPROCESSOR_DEFINITIONS = (
					"DEBUG=1",
					"$(inherited)",
				);
				GCC_WARN_64_TO_32_BIT_CONVERSION = YES;
				GCC_WARN_ABOUT_RETURN_TYPE = YES_ERROR;
				GCC_WARN_UNDECLARED_SELECTOR = YES;
				GCC_WARN_UNINITIALIZED_AUTOS = YES_AGGRESSIVE;
				GCC_WARN_UNUSED_FUNCTION = YES;
				GCC_WARN_UNUSED_VARIABLE = YES;
				MACOSX_DEPLOYMENT_TARGET = 13.0;
				MTL_ENABLE_DEBUG_INFO = INCLUDE_SOURCE;
				MTL_FAST_MATH = YES;
				ONLY_ACTIVE_ARCH = YES;
				SDKROOT = macosx;
				SWIFT_ACTIVE_COMPILATION_CONDITIONS = DEBUG;
				SWIFT_OPTIMIZATION_LEVEL = "-Onone";
			};
			name = Debug;
		};
		8456BD4A299D0268001E3EDA /* Release */ = {
			isa = XCBuildConfiguration;
			buildSettings = {
				ALWAYS_SEARCH_USER_PATHS = NO;
				CLANG_ANALYZER_NONNULL = YES;
				CLANG_ANALYZER_NUMBER_OBJECT_CONVERSION = YES_AGGRESSIVE;
				CLANG_CXX_LANGUAGE_STANDARD = "gnu++20";
				CLANG_ENABLE_MODULES = YES;
				CLANG_ENABLE_OBJC_ARC = YES;
				CLANG_ENABLE_OBJC_WEAK = YES;
				CLANG_WARN_BLOCK_CAPTURE_AUTORELEASING = YES;
				CLANG_WARN_BOOL_CONVERSION = YES;
				CLANG_WARN_COMMA = YES;
				CLANG_WARN_CONSTANT_CONVERSION = YES;
				CLANG_WARN_DEPRECATED_OBJC_IMPLEMENTATIONS = YES;
				CLANG_WARN_DIRECT_OBJC_ISA_USAGE = YES_ERROR;
				CLANG_WARN_DOCUMENTATION_COMMENTS = YES;
				CLANG_WARN_EMPTY_BODY = YES;
				CLANG_WARN_ENUM_CONVERSION = YES;
				CLANG_WARN_INFINITE_RECURSION = YES;
				CLANG_WARN_INT_CONVERSION = YES;
				CLANG_WARN_NON_LITERAL_NULL_CONVERSION = YES;
				CLANG_WARN_OBJC_IMPLICIT_RETAIN_SELF = YES;
				CLANG_WARN_OBJC_LITERAL_CONVERSION = YES;
				CLANG_WARN_OBJC_ROOT_CLASS = YES_ERROR;
				CLANG_WARN_QUOTED_INCLUDE_IN_FRAMEWORK_HEADER = YES;
				CLANG_WARN_RANGE_LOOP_ANALYSIS = YES;
				CLANG_WARN_STRICT_PROTOTYPES = YES;
				CLANG_WARN_SUSPICIOUS_MOVE = YES;
				CLANG_WARN_UNGUARDED_AVAILABILITY = YES_AGGRESSIVE;
				CLANG_WARN_UNREACHABLE_CODE = YES;
				CLANG_WARN__DUPLICATE_METHOD_MATCH = YES;
				COPY_PHASE_STRIP = NO;
				DEBUG_INFORMATION_FORMAT = "dwarf-with-dsym";
				ENABLE_NS_ASSERTIONS = NO;
				ENABLE_STRICT_OBJC_MSGSEND = YES;
				GCC_C_LANGUAGE_STANDARD = gnu11;
				GCC_NO_COMMON_BLOCKS = YES;
				GCC_WARN_64_TO_32_BIT_CONVERSION = YES;
				GCC_WARN_ABOUT_RETURN_TYPE = YES_ERROR;
				GCC_WARN_UNDECLARED_SELECTOR = YES;
				GCC_WARN_UNINITIALIZED_AUTOS = YES_AGGRESSIVE;
				GCC_WARN_UNUSED_FUNCTION = YES;
				GCC_WARN_UNUSED_VARIABLE = YES;
				MACOSX_DEPLOYMENT_TARGET = 13.0;
				MTL_ENABLE_DEBUG_INFO = NO;
				MTL_FAST_MATH = YES;
				SDKROOT = macosx;
				SWIFT_COMPILATION_MODE = wholemodule;
				SWIFT_OPTIMIZATION_LEVEL = "-O";
			};
			name = Release;
		};
		8456BD4C299D0268001E3EDA /* Debug */ = {
			isa = XCBuildConfiguration;
			buildSettings = {
				ASSETCATALOG_COMPILER_APPICON_NAME = AppIcon;
				ASSETCATALOG_COMPILER_GLOBAL_ACCENT_COLOR_NAME = AccentColor;
				CODE_SIGN_ENTITLEMENTS = Jim/Jim.entitlements;
				CODE_SIGN_STYLE = Automatic;
				COMBINE_HIDPI_IMAGES = YES;
				CURRENT_PROJECT_VERSION = 1;
				GENERATE_INFOPLIST_FILE = YES;
				INFOPLIST_KEY_NSHumanReadableCopyright = "";
				INFOPLIST_KEY_NSMainStoryboardFile = Main;
				INFOPLIST_KEY_NSPrincipalClass = NSApplication;
				LD_RUNPATH_SEARCH_PATHS = (
					"$(inherited)",
					"@executable_path/../Frameworks",
				);
				MARKETING_VERSION = 1.0;
				PRODUCT_BUNDLE_IDENTIFIER = com.wasimlorgat.Jim;
				PRODUCT_NAME = "$(TARGET_NAME)";
				SWIFT_EMIT_LOC_STRINGS = YES;
				SWIFT_VERSION = 5.0;
			};
			name = Debug;
		};
		8456BD4D299D0268001E3EDA /* Release */ = {
			isa = XCBuildConfiguration;
			buildSettings = {
				ASSETCATALOG_COMPILER_APPICON_NAME = AppIcon;
				ASSETCATALOG_COMPILER_GLOBAL_ACCENT_COLOR_NAME = AccentColor;
				CODE_SIGN_ENTITLEMENTS = Jim/Jim.entitlements;
				CODE_SIGN_STYLE = Automatic;
				COMBINE_HIDPI_IMAGES = YES;
				CURRENT_PROJECT_VERSION = 1;
				GENERATE_INFOPLIST_FILE = YES;
				INFOPLIST_KEY_NSHumanReadableCopyright = "";
				INFOPLIST_KEY_NSMainStoryboardFile = Main;
				INFOPLIST_KEY_NSPrincipalClass = NSApplication;
				LD_RUNPATH_SEARCH_PATHS = (
					"$(inherited)",
					"@executable_path/../Frameworks",
				);
				MARKETING_VERSION = 1.0;
				PRODUCT_BUNDLE_IDENTIFIER = com.wasimlorgat.Jim;
				PRODUCT_NAME = "$(TARGET_NAME)";
				SWIFT_EMIT_LOC_STRINGS = YES;
				SWIFT_VERSION = 5.0;
			};
			name = Release;
		};
/* End XCBuildConfiguration section */

/* Begin XCConfigurationList section */
		8456BD37299D0264001E3EDA /* Build configuration list for PBXProject "Jim" */ = {
			isa = XCConfigurationList;
			buildConfigurations = (
				8456BD49299D0268001E3EDA /* Debug */,
				8456BD4A299D0268001E3EDA /* Release */,
			);
			defaultConfigurationIsVisible = 0;
			defaultConfigurationName = Release;
		};
		8456BD4B299D0268001E3EDA /* Build configuration list for PBXNativeTarget "Jim" */ = {
			isa = XCConfigurationList;
			buildConfigurations = (
				8456BD4C299D0268001E3EDA /* Debug */,
				8456BD4D299D0268001E3EDA /* Release */,
			);
			defaultConfigurationIsVisible = 0;
			defaultConfigurationName = Release;
		};
/* End XCConfigurationList section */

/* Begin XCRemoteSwiftPackageReference section */
		84C838E4299D6E2800BA3F8F /* XCRemoteSwiftPackageReference "AnyCodable" */ = {
			isa = XCRemoteSwiftPackageReference;
			repositoryURL = "https://github.com/Flight-School/AnyCodable";
			requirement = {
				branch = master;
				kind = branch;
			};
		};
/* End XCRemoteSwiftPackageReference section */

/* Begin XCSwiftPackageProductDependency section */
		84C838E5299D6E2900BA3F8F /* AnyCodable */ = {
			isa = XCSwiftPackageProductDependency;
			package = 84C838E4299D6E2800BA3F8F /* XCRemoteSwiftPackageReference "AnyCodable" */;
			productName = AnyCodable;
		};
/* End XCSwiftPackageProductDependency section */
	};
	rootObject = 8456BD34299D0264001E3EDA /* Project object */;
}
