// !$*UTF8*$!
{
	archiveVersion = 1;
	classes = {
	};
	objectVersion = 56;
	objects = {

/* Begin PBXBuildFile section */
		841C6ECF29A6268D008B1FE5 /* CellView.swift in Sources */ = {isa = PBXBuildFile; fileRef = 841C6ECE29A6268D008B1FE5 /* CellView.swift */; };
		842CBCB029CEC02600C0DE4C /* Debug.swift in Sources */ = {isa = PBXBuildFile; fileRef = 842CBCAF29CEC02600C0DE4C /* Debug.swift */; };
		842CBCB229CED64D00C0DE4C /* SourceTextView.swift in Sources */ = {isa = PBXBuildFile; fileRef = 842CBCB129CED64D00C0DE4C /* SourceTextView.swift */; };
		842CBCC029D03B8A00C0DE4C /* SourceScroller.swift in Sources */ = {isa = PBXBuildFile; fileRef = 842CBCBF29D03B8A00C0DE4C /* SourceScroller.swift */; };
		842CBCC229D059F000C0DE4C /* RichTextView.swift in Sources */ = {isa = PBXBuildFile; fileRef = 842CBCC129D059F000C0DE4C /* RichTextView.swift */; };
		842CBCC529D16F5500C0DE4C /* Down in Frameworks */ = {isa = PBXBuildFile; productRef = 842CBCC429D16F5500C0DE4C /* Down */; };
		8437F0F829A4F0F500D027B7 /* WindowController.swift in Sources */ = {isa = PBXBuildFile; fileRef = 8437F0F729A4F0F500D027B7 /* WindowController.swift */; };
		8456BD40299D0264001E3EDA /* AppDelegate.swift in Sources */ = {isa = PBXBuildFile; fileRef = 8456BD3F299D0264001E3EDA /* AppDelegate.swift */; };
		8456BD44299D0268001E3EDA /* Assets.xcassets in Resources */ = {isa = PBXBuildFile; fileRef = 8456BD43299D0268001E3EDA /* Assets.xcassets */; };
		8456BD47299D0268001E3EDA /* Main.storyboard in Resources */ = {isa = PBXBuildFile; fileRef = 8456BD45299D0268001E3EDA /* Main.storyboard */; };
		8456BD4F299D05A5001E3EDA /* SidebarViewController.swift in Sources */ = {isa = PBXBuildFile; fileRef = 8456BD4E299D05A5001E3EDA /* SidebarViewController.swift */; };
		8456BD51299D0F5E001E3EDA /* NotebookViewController.swift in Sources */ = {isa = PBXBuildFile; fileRef = 8456BD50299D0F5E001E3EDA /* NotebookViewController.swift */; };
		845D8A5C29CEB8A9007A624B /* MinimalTextView.swift in Sources */ = {isa = PBXBuildFile; fileRef = 845D8A5B29CEB8A9007A624B /* MinimalTextView.swift */; };
		8478D3F329C9807F0028A8E1 /* OutputTextView.swift in Sources */ = {isa = PBXBuildFile; fileRef = 8478D3F229C9807F0028A8E1 /* OutputTextView.swift */; };
		8478D3F529C9809B0028A8E1 /* OutputStackView.swift in Sources */ = {isa = PBXBuildFile; fileRef = 8478D3F429C9809B0028A8E1 /* OutputStackView.swift */; };
		8478D3FB29C99AC20028A8E1 /* CellViewModel.swift in Sources */ = {isa = PBXBuildFile; fileRef = 8478D3FA29C99AC20028A8E1 /* CellViewModel.swift */; };
		8478D3FD29C99C150028A8E1 /* NotebookViewModel.swift in Sources */ = {isa = PBXBuildFile; fileRef = 8478D3FC29C99C150028A8E1 /* NotebookViewModel.swift */; };
		84C838E6299D6E2900BA3F8F /* AnyCodable in Frameworks */ = {isa = PBXBuildFile; productRef = 84C838E5299D6E2900BA3F8F /* AnyCodable */; };
		84C838EA299D6E4600BA3F8F /* StringOrArray.swift in Sources */ = {isa = PBXBuildFile; fileRef = 84C838E8299D6E4600BA3F8F /* StringOrArray.swift */; };
		84C838EB299D6E4600BA3F8F /* Base64Image.swift in Sources */ = {isa = PBXBuildFile; fileRef = 84C838E9299D6E4600BA3F8F /* Base64Image.swift */; };
		84CCB4E429C4894900EC17B3 /* NotebookTableRowView.swift in Sources */ = {isa = PBXBuildFile; fileRef = 84CCB4E329C4894900EC17B3 /* NotebookTableRowView.swift */; };
		84CE599129A762990094FE3E /* SourceView.swift in Sources */ = {isa = PBXBuildFile; fileRef = 84CE597429A762990094FE3E /* SourceView.swift */; };
		84CE599829A762990094FE3E /* Theme.swift in Sources */ = {isa = PBXBuildFile; fileRef = 84CE597B29A762990094FE3E /* Theme.swift */; };
		84D3E83029D46F9A007E6B72 /* MarkdownStyler.swift in Sources */ = {isa = PBXBuildFile; fileRef = 84D3E82F29D46F9A007E6B72 /* MarkdownStyler.swift */; };
		84ED48F229B9C0A70069AFD8 /* Session.swift in Sources */ = {isa = PBXBuildFile; fileRef = 84ED48EC29B9C0A70069AFD8 /* Session.swift */; };
		84ED48F329B9C0A70069AFD8 /* JupyterService.swift in Sources */ = {isa = PBXBuildFile; fileRef = 84ED48ED29B9C0A70069AFD8 /* JupyterService.swift */; };
		84ED48F429B9C0A70069AFD8 /* Cell.swift in Sources */ = {isa = PBXBuildFile; fileRef = 84ED48EE29B9C0A70069AFD8 /* Cell.swift */; };
		84ED48F529B9C0A70069AFD8 /* Message.swift in Sources */ = {isa = PBXBuildFile; fileRef = 84ED48EF29B9C0A70069AFD8 /* Message.swift */; };
		84ED48F629B9C0A70069AFD8 /* Notebook.swift in Sources */ = {isa = PBXBuildFile; fileRef = 84ED48F029B9C0A70069AFD8 /* Notebook.swift */; };
		84ED48F729B9C0A70069AFD8 /* Content.swift in Sources */ = {isa = PBXBuildFile; fileRef = 84ED48F129B9C0A70069AFD8 /* Content.swift */; };
		84ED48FB29BF2EFA0069AFD8 /* Output.swift in Sources */ = {isa = PBXBuildFile; fileRef = 84ED48FA29BF2EFA0069AFD8 /* Output.swift */; };
		84ED491929BF50720069AFD8 /* NotebookTableView.swift in Sources */ = {isa = PBXBuildFile; fileRef = 84ED491829BF50720069AFD8 /* NotebookTableView.swift */; };
		84ED491B29BF517C0069AFD8 /* RunButton.swift in Sources */ = {isa = PBXBuildFile; fileRef = 84ED491A29BF517C0069AFD8 /* RunButton.swift */; };
/* End PBXBuildFile section */

/* Begin PBXFileReference section */
		841C6ECE29A6268D008B1FE5 /* CellView.swift */ = {isa = PBXFileReference; lastKnownFileType = sourcecode.swift; path = CellView.swift; sourceTree = "<group>"; };
		842CBCAF29CEC02600C0DE4C /* Debug.swift */ = {isa = PBXFileReference; lastKnownFileType = sourcecode.swift; path = Debug.swift; sourceTree = "<group>"; };
		842CBCB129CED64D00C0DE4C /* SourceTextView.swift */ = {isa = PBXFileReference; lastKnownFileType = sourcecode.swift; path = SourceTextView.swift; sourceTree = "<group>"; };
		842CBCBF29D03B8A00C0DE4C /* SourceScroller.swift */ = {isa = PBXFileReference; lastKnownFileType = sourcecode.swift; path = SourceScroller.swift; sourceTree = "<group>"; };
		842CBCC129D059F000C0DE4C /* RichTextView.swift */ = {isa = PBXFileReference; lastKnownFileType = sourcecode.swift; path = RichTextView.swift; sourceTree = "<group>"; };
		8437F0F729A4F0F500D027B7 /* WindowController.swift */ = {isa = PBXFileReference; fileEncoding = 4; lastKnownFileType = sourcecode.swift; path = WindowController.swift; sourceTree = "<group>"; };
		8456BD3C299D0264001E3EDA /* Jim.app */ = {isa = PBXFileReference; explicitFileType = wrapper.application; includeInIndex = 0; path = Jim.app; sourceTree = BUILT_PRODUCTS_DIR; };
		8456BD3F299D0264001E3EDA /* AppDelegate.swift */ = {isa = PBXFileReference; lastKnownFileType = sourcecode.swift; path = AppDelegate.swift; sourceTree = "<group>"; };
		8456BD43299D0268001E3EDA /* Assets.xcassets */ = {isa = PBXFileReference; lastKnownFileType = folder.assetcatalog; path = Assets.xcassets; sourceTree = "<group>"; };
		8456BD46299D0268001E3EDA /* Base */ = {isa = PBXFileReference; lastKnownFileType = file.storyboard; name = Base; path = Base.lproj/Main.storyboard; sourceTree = "<group>"; };
		8456BD48299D0268001E3EDA /* Jim.entitlements */ = {isa = PBXFileReference; lastKnownFileType = text.plist.entitlements; path = Jim.entitlements; sourceTree = "<group>"; };
		8456BD4E299D05A5001E3EDA /* SidebarViewController.swift */ = {isa = PBXFileReference; lastKnownFileType = sourcecode.swift; path = SidebarViewController.swift; sourceTree = "<group>"; };
		8456BD50299D0F5E001E3EDA /* NotebookViewController.swift */ = {isa = PBXFileReference; lastKnownFileType = sourcecode.swift; path = NotebookViewController.swift; sourceTree = "<group>"; };
		845D8A5B29CEB8A9007A624B /* MinimalTextView.swift */ = {isa = PBXFileReference; lastKnownFileType = sourcecode.swift; path = MinimalTextView.swift; sourceTree = "<group>"; };
		8478D3F229C9807F0028A8E1 /* OutputTextView.swift */ = {isa = PBXFileReference; lastKnownFileType = sourcecode.swift; path = OutputTextView.swift; sourceTree = "<group>"; };
		8478D3F429C9809B0028A8E1 /* OutputStackView.swift */ = {isa = PBXFileReference; lastKnownFileType = sourcecode.swift; path = OutputStackView.swift; sourceTree = "<group>"; };
		8478D3FA29C99AC20028A8E1 /* CellViewModel.swift */ = {isa = PBXFileReference; lastKnownFileType = sourcecode.swift; path = CellViewModel.swift; sourceTree = "<group>"; };
		8478D3FC29C99C150028A8E1 /* NotebookViewModel.swift */ = {isa = PBXFileReference; lastKnownFileType = sourcecode.swift; path = NotebookViewModel.swift; sourceTree = "<group>"; };
		84C838E8299D6E4600BA3F8F /* StringOrArray.swift */ = {isa = PBXFileReference; fileEncoding = 4; lastKnownFileType = sourcecode.swift; path = StringOrArray.swift; sourceTree = "<group>"; };
		84C838E9299D6E4600BA3F8F /* Base64Image.swift */ = {isa = PBXFileReference; fileEncoding = 4; lastKnownFileType = sourcecode.swift; path = Base64Image.swift; sourceTree = "<group>"; };
		84CCB4E329C4894900EC17B3 /* NotebookTableRowView.swift */ = {isa = PBXFileReference; lastKnownFileType = sourcecode.swift; path = NotebookTableRowView.swift; sourceTree = "<group>"; };
		84CE597429A762990094FE3E /* SourceView.swift */ = {isa = PBXFileReference; fileEncoding = 4; lastKnownFileType = sourcecode.swift; path = SourceView.swift; sourceTree = "<group>"; };
		84CE597B29A762990094FE3E /* Theme.swift */ = {isa = PBXFileReference; fileEncoding = 4; lastKnownFileType = sourcecode.swift; path = Theme.swift; sourceTree = "<group>"; };
		84D3E82F29D46F9A007E6B72 /* MarkdownStyler.swift */ = {isa = PBXFileReference; lastKnownFileType = sourcecode.swift; path = MarkdownStyler.swift; sourceTree = "<group>"; };
		84ED48EC29B9C0A70069AFD8 /* Session.swift */ = {isa = PBXFileReference; fileEncoding = 4; lastKnownFileType = sourcecode.swift; path = Session.swift; sourceTree = "<group>"; };
		84ED48ED29B9C0A70069AFD8 /* JupyterService.swift */ = {isa = PBXFileReference; fileEncoding = 4; lastKnownFileType = sourcecode.swift; path = JupyterService.swift; sourceTree = "<group>"; };
		84ED48EE29B9C0A70069AFD8 /* Cell.swift */ = {isa = PBXFileReference; fileEncoding = 4; lastKnownFileType = sourcecode.swift; path = Cell.swift; sourceTree = "<group>"; };
		84ED48EF29B9C0A70069AFD8 /* Message.swift */ = {isa = PBXFileReference; fileEncoding = 4; lastKnownFileType = sourcecode.swift; path = Message.swift; sourceTree = "<group>"; };
		84ED48F029B9C0A70069AFD8 /* Notebook.swift */ = {isa = PBXFileReference; fileEncoding = 4; lastKnownFileType = sourcecode.swift; path = Notebook.swift; sourceTree = "<group>"; };
		84ED48F129B9C0A70069AFD8 /* Content.swift */ = {isa = PBXFileReference; fileEncoding = 4; lastKnownFileType = sourcecode.swift; path = Content.swift; sourceTree = "<group>"; };
		84ED48FA29BF2EFA0069AFD8 /* Output.swift */ = {isa = PBXFileReference; lastKnownFileType = sourcecode.swift; path = Output.swift; sourceTree = "<group>"; };
		84ED491829BF50720069AFD8 /* NotebookTableView.swift */ = {isa = PBXFileReference; lastKnownFileType = sourcecode.swift; path = NotebookTableView.swift; sourceTree = "<group>"; };
		84ED491A29BF517C0069AFD8 /* RunButton.swift */ = {isa = PBXFileReference; lastKnownFileType = sourcecode.swift; path = RunButton.swift; sourceTree = "<group>"; };
/* End PBXFileReference section */

/* Begin PBXFrameworksBuildPhase section */
		8456BD39299D0264001E3EDA /* Frameworks */ = {
			isa = PBXFrameworksBuildPhase;
			buildActionMask = 2147483647;
			files = (
				842CBCC529D16F5500C0DE4C /* Down in Frameworks */,
				84C838E6299D6E2900BA3F8F /* AnyCodable in Frameworks */,
			);
			runOnlyForDeploymentPostprocessing = 0;
		};
/* End PBXFrameworksBuildPhase section */

/* Begin PBXGroup section */
		8456BD33299D0264001E3EDA = {
			isa = PBXGroup;
			children = (
				8456BD3E299D0264001E3EDA /* Jim */,
				8456BD3D299D0264001E3EDA /* Products */,
			);
			sourceTree = "<group>";
		};
		8456BD3D299D0264001E3EDA /* Products */ = {
			isa = PBXGroup;
			children = (
				8456BD3C299D0264001E3EDA /* Jim.app */,
			);
			name = Products;
			sourceTree = "<group>";
		};
		8456BD3E299D0264001E3EDA /* Jim */ = {
			isa = PBXGroup;
			children = (
				8478D3F729C981900028A8E1 /* Main */,
				8478D3F829C981F50028A8E1 /* Notebook */,
				8478D3F929C9821A0028A8E1 /* Cell */,
				84CE595F29A762990094FE3E /* Source */,
				84ED48EB29B9C0A70069AFD8 /* Jupyter */,
				84C838E7299D6E4600BA3F8F /* Utils */,
				8456BD3F299D0264001E3EDA /* AppDelegate.swift */,
				84CE597B29A762990094FE3E /* Theme.swift */,
				8456BD45299D0268001E3EDA /* Main.storyboard */,
				8456BD43299D0268001E3EDA /* Assets.xcassets */,
				8456BD48299D0268001E3EDA /* Jim.entitlements */,
			);
			path = Jim;
			sourceTree = "<group>";
		};
		8478D3F729C981900028A8E1 /* Main */ = {
			isa = PBXGroup;
			children = (
				8437F0F729A4F0F500D027B7 /* WindowController.swift */,
				8456BD4E299D05A5001E3EDA /* SidebarViewController.swift */,
			);
			path = Main;
			sourceTree = "<group>";
		};
		8478D3F829C981F50028A8E1 /* Notebook */ = {
			isa = PBXGroup;
			children = (
				8456BD50299D0F5E001E3EDA /* NotebookViewController.swift */,
				8478D3FC29C99C150028A8E1 /* NotebookViewModel.swift */,
				84ED491829BF50720069AFD8 /* NotebookTableView.swift */,
				84CCB4E329C4894900EC17B3 /* NotebookTableRowView.swift */,
			);
			path = Notebook;
			sourceTree = "<group>";
		};
		8478D3F929C9821A0028A8E1 /* Cell */ = {
			isa = PBXGroup;
			children = (
				841C6ECE29A6268D008B1FE5 /* CellView.swift */,
				8478D3FA29C99AC20028A8E1 /* CellViewModel.swift */,
				842CBCC129D059F000C0DE4C /* RichTextView.swift */,
				8478D3F429C9809B0028A8E1 /* OutputStackView.swift */,
				8478D3F229C9807F0028A8E1 /* OutputTextView.swift */,
				84ED491A29BF517C0069AFD8 /* RunButton.swift */,
				845D8A5B29CEB8A9007A624B /* MinimalTextView.swift */,
				84D3E82F29D46F9A007E6B72 /* MarkdownStyler.swift */,
			);
			path = Cell;
			sourceTree = "<group>";
		};
		84C838E7299D6E4600BA3F8F /* Utils */ = {
			isa = PBXGroup;
			children = (
				84C838E8299D6E4600BA3F8F /* StringOrArray.swift */,
				84C838E9299D6E4600BA3F8F /* Base64Image.swift */,
				842CBCAF29CEC02600C0DE4C /* Debug.swift */,
			);
			path = Utils;
			sourceTree = "<group>";
		};
		84CE595F29A762990094FE3E /* Source */ = {
			isa = PBXGroup;
			children = (
				84CE597429A762990094FE3E /* SourceView.swift */,
				842CBCB129CED64D00C0DE4C /* SourceTextView.swift */,
				842CBCBF29D03B8A00C0DE4C /* SourceScroller.swift */,
			);
			path = Source;
			sourceTree = "<group>";
		};
		84ED48EB29B9C0A70069AFD8 /* Jupyter */ = {
			isa = PBXGroup;
			children = (
				84ED48EC29B9C0A70069AFD8 /* Session.swift */,
				84ED48ED29B9C0A70069AFD8 /* JupyterService.swift */,
				84ED48EE29B9C0A70069AFD8 /* Cell.swift */,
				84ED48EF29B9C0A70069AFD8 /* Message.swift */,
				84ED48F029B9C0A70069AFD8 /* Notebook.swift */,
				84ED48F129B9C0A70069AFD8 /* Content.swift */,
				84ED48FA29BF2EFA0069AFD8 /* Output.swift */,
			);
			path = Jupyter;
			sourceTree = "<group>";
		};
/* End PBXGroup section */

/* Begin PBXNativeTarget section */
		8456BD3B299D0264001E3EDA /* Jim */ = {
			isa = PBXNativeTarget;
			buildConfigurationList = 8456BD4B299D0268001E3EDA /* Build configuration list for PBXNativeTarget "Jim" */;
			buildPhases = (
				8456BD38299D0264001E3EDA /* Sources */,
				8456BD39299D0264001E3EDA /* Frameworks */,
				8456BD3A299D0264001E3EDA /* Resources */,
			);
			buildRules = (
			);
			dependencies = (
			);
			name = Jim;
			packageProductDependencies = (
				84C838E5299D6E2900BA3F8F /* AnyCodable */,
				842CBCC429D16F5500C0DE4C /* Down */,
			);
			productName = Jim;
			productReference = 8456BD3C299D0264001E3EDA /* Jim.app */;
			productType = "com.apple.product-type.application";
		};
/* End PBXNativeTarget section */

/* Begin PBXProject section */
		8456BD34299D0264001E3EDA /* Project object */ = {
			isa = PBXProject;
			attributes = {
				BuildIndependentTargetsInParallel = 1;
				LastSwiftUpdateCheck = 1420;
				LastUpgradeCheck = 1420;
				TargetAttributes = {
					8456BD3B299D0264001E3EDA = {
						CreatedOnToolsVersion = 14.2;
					};
				};
			};
			buildConfigurationList = 8456BD37299D0264001E3EDA /* Build configuration list for PBXProject "Jim" */;
			compatibilityVersion = "Xcode 14.0";
			developmentRegion = en;
			hasScannedForEncodings = 0;
			knownRegions = (
				en,
				Base,
			);
			mainGroup = 8456BD33299D0264001E3EDA;
			packageReferences = (
				84C838E4299D6E2800BA3F8F /* XCRemoteSwiftPackageReference "AnyCodable" */,
				842CBCC329D16F5500C0DE4C /* XCRemoteSwiftPackageReference "Down" */,
			);
			productRefGroup = 8456BD3D299D0264001E3EDA /* Products */;
			projectDirPath = "";
			projectRoot = "";
			targets = (
				8456BD3B299D0264001E3EDA /* Jim */,
			);
		};
/* End PBXProject section */

/* Begin PBXResourcesBuildPhase section */
		8456BD3A299D0264001E3EDA /* Resources */ = {
			isa = PBXResourcesBuildPhase;
			buildActionMask = 2147483647;
			files = (
				8456BD44299D0268001E3EDA /* Assets.xcassets in Resources */,
				8456BD47299D0268001E3EDA /* Main.storyboard in Resources */,
			);
			runOnlyForDeploymentPostprocessing = 0;
		};
/* End PBXResourcesBuildPhase section */

/* Begin PBXSourcesBuildPhase section */
		8456BD38299D0264001E3EDA /* Sources */ = {
			isa = PBXSourcesBuildPhase;
			buildActionMask = 2147483647;
			files = (
				84ED48F229B9C0A70069AFD8 /* Session.swift in Sources */,
				8478D3F529C9809B0028A8E1 /* OutputStackView.swift in Sources */,
				842CBCB229CED64D00C0DE4C /* SourceTextView.swift in Sources */,
				84ED491929BF50720069AFD8 /* NotebookTableView.swift in Sources */,
				841C6ECF29A6268D008B1FE5 /* CellView.swift in Sources */,
				8456BD4F299D05A5001E3EDA /* SidebarViewController.swift in Sources */,
				84ED48F329B9C0A70069AFD8 /* JupyterService.swift in Sources */,
				84CE599829A762990094FE3E /* Theme.swift in Sources */,
				8478D3FB29C99AC20028A8E1 /* CellViewModel.swift in Sources */,
				84CCB4E429C4894900EC17B3 /* NotebookTableRowView.swift in Sources */,
				84D3E83029D46F9A007E6B72 /* MarkdownStyler.swift in Sources */,
				84ED491B29BF517C0069AFD8 /* RunButton.swift in Sources */,
				842CBCB029CEC02600C0DE4C /* Debug.swift in Sources */,
				842CBCC029D03B8A00C0DE4C /* SourceScroller.swift in Sources */,
				84ED48F629B9C0A70069AFD8 /* Notebook.swift in Sources */,
				8456BD40299D0264001E3EDA /* AppDelegate.swift in Sources */,
				84ED48FB29BF2EFA0069AFD8 /* Output.swift in Sources */,
				84C838EA299D6E4600BA3F8F /* StringOrArray.swift in Sources */,
				8456BD51299D0F5E001E3EDA /* NotebookViewController.swift in Sources */,
				845D8A5C29CEB8A9007A624B /* MinimalTextView.swift in Sources */,
				842CBCC229D059F000C0DE4C /* RichTextView.swift in Sources */,
				8437F0F829A4F0F500D027B7 /* WindowController.swift in Sources */,
				84ED48F729B9C0A70069AFD8 /* Content.swift in Sources */,
				84ED48F529B9C0A70069AFD8 /* Message.swift in Sources */,
				84C838EB299D6E4600BA3F8F /* Base64Image.swift in Sources */,
				8478D3F329C9807F0028A8E1 /* OutputTextView.swift in Sources */,
				84ED48F429B9C0A70069AFD8 /* Cell.swift in Sources */,
				84CE599129A762990094FE3E /* SourceView.swift in Sources */,
				8478D3FD29C99C150028A8E1 /* NotebookViewModel.swift in Sources */,
			);
			runOnlyForDeploymentPostprocessing = 0;
		};
/* End PBXSourcesBuildPhase section */

/* Begin PBXVariantGroup section */
		8456BD45299D0268001E3EDA /* Main.storyboard */ = {
			isa = PBXVariantGroup;
			children = (
				8456BD46299D0268001E3EDA /* Base */,
			);
			name = Main.storyboard;
			sourceTree = "<group>";
		};
/* End PBXVariantGroup section */

/* Begin XCBuildConfiguration section */
		8456BD49299D0268001E3EDA /* Debug */ = {
			isa = XCBuildConfiguration;
			buildSettings = {
				ALWAYS_SEARCH_USER_PATHS = NO;
				CLANG_ANALYZER_NONNULL = YES;
				CLANG_ANALYZER_NUMBER_OBJECT_CONVERSION = YES_AGGRESSIVE;
				CLANG_CXX_LANGUAGE_STANDARD = "gnu++20";
				CLANG_ENABLE_MODULES = YES;
				CLANG_ENABLE_OBJC_ARC = YES;
				CLANG_ENABLE_OBJC_WEAK = YES;
				CLANG_WARN_BLOCK_CAPTURE_AUTORELEASING = YES;
				CLANG_WARN_BOOL_CONVERSION = YES;
				CLANG_WARN_COMMA = YES;
				CLANG_WARN_CONSTANT_CONVERSION = YES;
				CLANG_WARN_DEPRECATED_OBJC_IMPLEMENTATIONS = YES;
				CLANG_WARN_DIRECT_OBJC_ISA_USAGE = YES_ERROR;
				CLANG_WARN_DOCUMENTATION_COMMENTS = YES;
				CLANG_WARN_EMPTY_BODY = YES;
				CLANG_WARN_ENUM_CONVERSION = YES;
				CLANG_WARN_INFINITE_RECURSION = YES;
				CLANG_WARN_INT_CONVERSION = YES;
				CLANG_WARN_NON_LITERAL_NULL_CONVERSION = YES;
				CLANG_WARN_OBJC_IMPLICIT_RETAIN_SELF = YES;
				CLANG_WARN_OBJC_LITERAL_CONVERSION = YES;
				CLANG_WARN_OBJC_ROOT_CLASS = YES_ERROR;
				CLANG_WARN_QUOTED_INCLUDE_IN_FRAMEWORK_HEADER = YES;
				CLANG_WARN_RANGE_LOOP_ANALYSIS = YES;
				CLANG_WARN_STRICT_PROTOTYPES = YES;
				CLANG_WARN_SUSPICIOUS_MOVE = YES;
				CLANG_WARN_UNGUARDED_AVAILABILITY = YES_AGGRESSIVE;
				CLANG_WARN_UNREACHABLE_CODE = YES;
				CLANG_WARN__DUPLICATE_METHOD_MATCH = YES;
				COPY_PHASE_STRIP = NO;
				DEBUG_INFORMATION_FORMAT = dwarf;
				ENABLE_STRICT_OBJC_MSGSEND = YES;
				ENABLE_TESTABILITY = YES;
				GCC_C_LANGUAGE_STANDARD = gnu11;
				GCC_DYNAMIC_NO_PIC = NO;
				GCC_NO_COMMON_BLOCKS = YES;
				GCC_OPTIMIZATION_LEVEL = 0;
				GCC_PREPROCESSOR_DEFINITIONS = (
					"DEBUG=1",
					"$(inherited)",
				);
				GCC_WARN_64_TO_32_BIT_CONVERSION = YES;
				GCC_WARN_ABOUT_RETURN_TYPE = YES_ERROR;
				GCC_WARN_UNDECLARED_SELECTOR = YES;
				GCC_WARN_UNINITIALIZED_AUTOS = YES_AGGRESSIVE;
				GCC_WARN_UNUSED_FUNCTION = YES;
				GCC_WARN_UNUSED_VARIABLE = YES;
				MACOSX_DEPLOYMENT_TARGET = 13.0;
				MTL_ENABLE_DEBUG_INFO = INCLUDE_SOURCE;
				MTL_FAST_MATH = YES;
				ONLY_ACTIVE_ARCH = YES;
				SDKROOT = macosx;
				SWIFT_ACTIVE_COMPILATION_CONDITIONS = DEBUG;
				SWIFT_OPTIMIZATION_LEVEL = "-Onone";
			};
			name = Debug;
		};
		8456BD4A299D0268001E3EDA /* Release */ = {
			isa = XCBuildConfiguration;
			buildSettings = {
				ALWAYS_SEARCH_USER_PATHS = NO;
				CLANG_ANALYZER_NONNULL = YES;
				CLANG_ANALYZER_NUMBER_OBJECT_CONVERSION = YES_AGGRESSIVE;
				CLANG_CXX_LANGUAGE_STANDARD = "gnu++20";
				CLANG_ENABLE_MODULES = YES;
				CLANG_ENABLE_OBJC_ARC = YES;
				CLANG_ENABLE_OBJC_WEAK = YES;
				CLANG_WARN_BLOCK_CAPTURE_AUTORELEASING = YES;
				CLANG_WARN_BOOL_CONVERSION = YES;
				CLANG_WARN_COMMA = YES;
				CLANG_WARN_CONSTANT_CONVERSION = YES;
				CLANG_WARN_DEPRECATED_OBJC_IMPLEMENTATIONS = YES;
				CLANG_WARN_DIRECT_OBJC_ISA_USAGE = YES_ERROR;
				CLANG_WARN_DOCUMENTATION_COMMENTS = YES;
				CLANG_WARN_EMPTY_BODY = YES;
				CLANG_WARN_ENUM_CONVERSION = YES;
				CLANG_WARN_INFINITE_RECURSION = YES;
				CLANG_WARN_INT_CONVERSION = YES;
				CLANG_WARN_NON_LITERAL_NULL_CONVERSION = YES;
				CLANG_WARN_OBJC_IMPLICIT_RETAIN_SELF = YES;
				CLANG_WARN_OBJC_LITERAL_CONVERSION = YES;
				CLANG_WARN_OBJC_ROOT_CLASS = YES_ERROR;
				CLANG_WARN_QUOTED_INCLUDE_IN_FRAMEWORK_HEADER = YES;
				CLANG_WARN_RANGE_LOOP_ANALYSIS = YES;
				CLANG_WARN_STRICT_PROTOTYPES = YES;
				CLANG_WARN_SUSPICIOUS_MOVE = YES;
				CLANG_WARN_UNGUARDED_AVAILABILITY = YES_AGGRESSIVE;
				CLANG_WARN_UNREACHABLE_CODE = YES;
				CLANG_WARN__DUPLICATE_METHOD_MATCH = YES;
				COPY_PHASE_STRIP = NO;
				DEBUG_INFORMATION_FORMAT = "dwarf-with-dsym";
				ENABLE_NS_ASSERTIONS = NO;
				ENABLE_STRICT_OBJC_MSGSEND = YES;
				GCC_C_LANGUAGE_STANDARD = gnu11;
				GCC_NO_COMMON_BLOCKS = YES;
				GCC_WARN_64_TO_32_BIT_CONVERSION = YES;
				GCC_WARN_ABOUT_RETURN_TYPE = YES_ERROR;
				GCC_WARN_UNDECLARED_SELECTOR = YES;
				GCC_WARN_UNINITIALIZED_AUTOS = YES_AGGRESSIVE;
				GCC_WARN_UNUSED_FUNCTION = YES;
				GCC_WARN_UNUSED_VARIABLE = YES;
				MACOSX_DEPLOYMENT_TARGET = 13.0;
				MTL_ENABLE_DEBUG_INFO = NO;
				MTL_FAST_MATH = YES;
				SDKROOT = macosx;
				SWIFT_COMPILATION_MODE = wholemodule;
				SWIFT_OPTIMIZATION_LEVEL = "-O";
			};
			name = Release;
		};
		8456BD4C299D0268001E3EDA /* Debug */ = {
			isa = XCBuildConfiguration;
			buildSettings = {
				ASSETCATALOG_COMPILER_APPICON_NAME = AppIcon;
				ASSETCATALOG_COMPILER_GLOBAL_ACCENT_COLOR_NAME = AccentColor;
				CODE_SIGN_ENTITLEMENTS = Jim/Jim.entitlements;
				CODE_SIGN_STYLE = Automatic;
				COMBINE_HIDPI_IMAGES = YES;
				CURRENT_PROJECT_VERSION = 1;
				GENERATE_INFOPLIST_FILE = YES;
				INFOPLIST_KEY_NSHumanReadableCopyright = "";
				INFOPLIST_KEY_NSMainStoryboardFile = Main;
				INFOPLIST_KEY_NSPrincipalClass = NSApplication;
				LD_RUNPATH_SEARCH_PATHS = (
					"$(inherited)",
					"@executable_path/../Frameworks",
				);
				MARKETING_VERSION = 1.0;
				PRODUCT_BUNDLE_IDENTIFIER = com.wasimlorgat.Jim;
				PRODUCT_NAME = "$(TARGET_NAME)";
				SWIFT_EMIT_LOC_STRINGS = YES;
				SWIFT_VERSION = 5.0;
			};
			name = Debug;
		};
		8456BD4D299D0268001E3EDA /* Release */ = {
			isa = XCBuildConfiguration;
			buildSettings = {
				ASSETCATALOG_COMPILER_APPICON_NAME = AppIcon;
				ASSETCATALOG_COMPILER_GLOBAL_ACCENT_COLOR_NAME = AccentColor;
				CODE_SIGN_ENTITLEMENTS = Jim/Jim.entitlements;
				CODE_SIGN_STYLE = Automatic;
				COMBINE_HIDPI_IMAGES = YES;
				CURRENT_PROJECT_VERSION = 1;
				GENERATE_INFOPLIST_FILE = YES;
				INFOPLIST_KEY_NSHumanReadableCopyright = "";
				INFOPLIST_KEY_NSMainStoryboardFile = Main;
				INFOPLIST_KEY_NSPrincipalClass = NSApplication;
				LD_RUNPATH_SEARCH_PATHS = (
					"$(inherited)",
					"@executable_path/../Frameworks",
				);
				MARKETING_VERSION = 1.0;
				PRODUCT_BUNDLE_IDENTIFIER = com.wasimlorgat.Jim;
				PRODUCT_NAME = "$(TARGET_NAME)";
				SWIFT_EMIT_LOC_STRINGS = YES;
				SWIFT_VERSION = 5.0;
			};
			name = Release;
		};
/* End XCBuildConfiguration section */

/* Begin XCConfigurationList section */
		8456BD37299D0264001E3EDA /* Build configuration list for PBXProject "Jim" */ = {
			isa = XCConfigurationList;
			buildConfigurations = (
				8456BD49299D0268001E3EDA /* Debug */,
				8456BD4A299D0268001E3EDA /* Release */,
			);
			defaultConfigurationIsVisible = 0;
			defaultConfigurationName = Release;
		};
		8456BD4B299D0268001E3EDA /* Build configuration list for PBXNativeTarget "Jim" */ = {
			isa = XCConfigurationList;
			buildConfigurations = (
				8456BD4C299D0268001E3EDA /* Debug */,
				8456BD4D299D0268001E3EDA /* Release */,
			);
			defaultConfigurationIsVisible = 0;
			defaultConfigurationName = Release;
		};
/* End XCConfigurationList section */

/* Begin XCRemoteSwiftPackageReference section */
		842CBCC329D16F5500C0DE4C /* XCRemoteSwiftPackageReference "Down" */ = {
			isa = XCRemoteSwiftPackageReference;
			repositoryURL = "https://github.com/johnxnguyen/Down";
			requirement = {
				branch = master;
				kind = branch;
			};
		};
		84C838E4299D6E2800BA3F8F /* XCRemoteSwiftPackageReference "AnyCodable" */ = {
			isa = XCRemoteSwiftPackageReference;
			repositoryURL = "https://github.com/Flight-School/AnyCodable";
			requirement = {
				branch = master;
				kind = branch;
			};
		};
/* End XCRemoteSwiftPackageReference section */

/* Begin XCSwiftPackageProductDependency section */
		842CBCC429D16F5500C0DE4C /* Down */ = {
			isa = XCSwiftPackageProductDependency;
			package = 842CBCC329D16F5500C0DE4C /* XCRemoteSwiftPackageReference "Down" */;
			productName = Down;
		};
		84C838E5299D6E2900BA3F8F /* AnyCodable */ = {
			isa = XCSwiftPackageProductDependency;
			package = 84C838E4299D6E2800BA3F8F /* XCRemoteSwiftPackageReference "AnyCodable" */;
			productName = AnyCodable;
		};
/* End XCSwiftPackageProductDependency section */
	};
	rootObject = 8456BD34299D0264001E3EDA /* Project object */;
}
